#
# This file is autogenerated by pip-compile with Python 3.14
# by the following command:
#
#    pip-compile --output-file=requirements.lock requirements.txt
#
aiofiles==25.1.0
    # via py-gasbuddy
aiohappyeyeballs==2.7.1
    # via aiohttp
aiohttp==3.14.3
    # via py-gasbuddy
aiosignal==1.4.0
    # via aiohttp
annotated-doc==0.0.5
    # via fastapi
annotated-types==0.8.0
    # via pydantic
anyio==4.15.1
    # via
    #   google-genai
    #   httpx
    #   httpx2
    #   mcp
    #   sse-starlette
    #   starlette
attrs==26.1.0
    # via
    #   aiohttp
    #   jsonschema
    #   referencing
backoff==2.2.1
    # via py-gasbuddy
beautifulsoup4==4.15.0
    # via
    #   -r requirements.txt
    #   yfinance
certifi==2026.7.22
    # via
    #   curl-cffi
    #   httpcore
    #   httpx
    #   requests
cffi==2.1.1
    # via
    #   cryptography
    #   curl-cffi
charset-normalizer==3.5.1
    # via requests
click==8.5.0
    # via uvicorn
cloudpickle==3.1.2
    # via joblib
contourpy==1.4.0
    # via matplotlib
cryptography==50.0.1
    # via
    #   google-auth
    #   pyjwt
curl-cffi==0.16.3
    # via yfinance
cycler==0.12.1
    # via matplotlib
defusedxml==0.7.1
    # via -r requirements.txt
distro==1.9.0
    # via google-genai
fastapi==0.141.1
    # via -r requirements.txt
feedparser==6.0.14
    # via -r requirements.txt
feedparser-sgmllib==2.1.0
    # via feedparser
fonttools==4.66.0
    # via matplotlib
frozenlist==1.8.0
    # via
    #   aiohttp
    #   aiosignal
google-auth[requests]==2.58.0
    # via google-genai
google-genai==2.25.0
    # via -r requirements.txt
h11==0.16.0
    # via
    #   httpcore
    #   httpcore2
    #   uvicorn
httpcore==1.0.9
    # via httpx
httpcore2==2.13.1
    # via httpx2
httpx==0.28.1
    # via
    #   -r requirements.txt
    #   google-genai
httpx2==2.13.1
    # via mcp
idna==3.20
    # via
    #   anyio
    #   httpx
    #   httpx2
    #   requests
    #   yarl
joblib==1.6.0
    # via scikit-learn
jsonschema==4.26.0
    # via mcp
jsonschema-specifications==2025.9.1
    # via jsonschema
kiwisolver==1.5.1
    # via matplotlib
lxml==6.1.3
    # via yfinance
matplotlib==3.11.2
    # via
    #   -r requirements.txt
    #   seaborn
mcp==2.2.0
    # via -r requirements.txt
mcp-types==2.2.0
    # via mcp
multidict==6.9.1
    # via
    #   aiohttp
    #   yarl
multitasking==0.0.13
    # via yfinance
narwhals==2.26.0
    # via scikit-learn
networkx==3.7
    # via -r requirements.txt
numpy==2.5.3
    # via
    #   -r requirements.txt
    #   contourpy
    #   matplotlib
    #   pandas
    #   scikit-learn
    #   scipy
    #   seaborn
    #   xgboost
    #   yfinance
nvidia-nccl-cu13==2.32.3
    # via xgboost
opentelemetry-api==1.44.0
    # via mcp
packaging==26.3
    # via matplotlib
pandas==3.0.6
    # via
    #   -r requirements.txt
    #   seaborn
    #   yfinance
peewee==4.5.1
    # via yfinance
pillow==12.3.0
    # via matplotlib
platformdirs==4.11.12
    # via yfinance
propcache==0.5.4
    # via
    #   aiohttp
    #   yarl
protobuf==7.36.2
    # via yfinance
py-gasbuddy==0.7.1
    # via -r requirements.txt
pyasn1==0.6.4
    # via pyasn1-modules
pyasn1-modules==0.4.2
    # via google-auth
pycparser==3.0
    # via cffi
pydantic==2.13.5
    # via
    #   -r requirements.txt
    #   fastapi
    #   google-genai
    #   mcp
    #   mcp-types
pydantic-core==2.46.5
    # via pydantic
pyjwt[crypto]==2.15.0
    # via mcp
pyparsing==3.3.3
    # via matplotlib
python-dateutil==2.9.0.post0
    # via
    #   matplotlib
    #   pandas
python-dotenv==1.2.3
    # via -r requirements.txt
python-multipart==0.0.32
    # via mcp
pytz==2026.4
    # via yfinance
referencing==0.37.0
    # via
    #   jsonschema
    #   jsonschema-specifications
requests==2.34.2
    # via
    #   -r requirements.txt
    #   google-auth
    #   google-genai
    #   yfinance
rpds-py==2026.6.3
    # via
    #   jsonschema
    #   referencing
ruff==0.16.9
    # via -r requirements.txt
scikit-learn==1.9.1
    # via -r requirements.txt
scipy==1.18.1
    # via
    #   -r requirements.txt
    #   scikit-learn
    #   xgboost
seaborn==0.13.2
    # via -r requirements.txt
six==1.17.0
    # via python-dateutil
sniffio==1.3.1
    # via google-genai
soupsieve==2.10
    # via beautifulsoup4
sse-starlette==3.4.11
    # via mcp
starlette==1.7.0
    # via
    #   fastapi
    #   mcp
    #   sse-starlette
tenacity==9.1.4
    # via google-genai
threadpoolctl==3.7.0
    # via scikit-learn
truststore==0.10.4
    # via
    #   httpcore2
    #   httpx2
typing-extensions==4.16.0
    # via
    #   anyio
    #   beautifulsoup4
    #   fastapi
    #   google-genai
    #   mcp
    #   mcp-types
    #   opentelemetry-api
    #   pydantic
    #   pydantic-core
    #   typing-inspection
typing-inspection==0.4.4
    # via
    #   fastapi
    #   mcp
    #   pydantic
urllib3==2.8.0
    # via requests
uvicorn==0.53.0
    # via
    #   -r requirements.txt
    #   mcp
websockets==16.1.1
    # via
    #   google-genai
    #   yfinance
xgboost==3.4.1
    # via -r requirements.txt
yarl==1.25.1
    # via aiohttp
yfinance==1.7.0
    # via -r requirements.txt
